# THIS IS AN AUTOGENERATED FILE. DO NOT EDIT THIS FILE DIRECTLY.
# yarn lockfile v1


commander@^11.1.0:
  version "11.1.0"
  resolved "https://registry.yarnpkg.com/commander/-/commander-11.1.0.tgz#62fdce76006a68e5c1ab3314dc92e800eb83d906"
  integrity sha512-yPVavfyCcRhmorC7rWlkHn15b4wDVgVmBA7kV4QVBsF7kv/9TKJAbAXVTxvTnwP8HHKjRCJDClKbciiYS7p0DQ==

csvtojson@^2.0.13:
  version "2.0.13"
  resolved "https://registry.yarnpkg.com/csvtojson/-/csvtojson-2.0.13.tgz#48f431a9320f04d821770c17b206dfb2093a78ec"
  integrity sha512-1C7bojbYRmQPLfc6yE5zeMbp+1w8dj3jNrz51S3mLYgQOau2ZtNu/fc67uV8UvyAfuLU+xydDvHG/+APwCJUAA==
  dependencies:
    lodash "^4.17.21"

decimal.js@^10.6.0:
  version "10.6.0"
  resolved "https://registry.yarnpkg.com/decimal.js/-/decimal.js-10.6.0.tgz#e649a43e3ab953a72192ff5983865e509f37ed9a"
  integrity sha512-YpgQiITW3JXGntzdUmyUR1V812Hn8T1YVXhCu+wO3OpS4eU9l4YdD3qjyiKdV6mvV29zapkMeD390UVEf2lkUg==

lodash@^4.17.21:
  version "4.18.1"
  resolved "https://registry.yarnpkg.com/lodash/-/lodash-4.18.1.tgz#ff2b66c1f6326d59513de2407bf881439812771c"
  integrity sha512-dMInicTPVE8d1e5otfwmmjlxkZoUpiVLwyeTdUsi/Caj/gfzzblBcCE5sRHV/AsjuCmxWrte2TNGSYuCeCq+0Q==

wink-eng-lite-web-model@^1.4.3:
  version "1.5.2"
  resolved "https://registry.yarnpkg.com/wink-eng-lite-web-model/-/wink-eng-lite-web-model-1.5.2.tgz#df5c9fe7a31bc6ecbd5eda31a5e78f42a4f6846a"
  integrity sha512-qYxAtJi0DuF0mVNr3wwdNj5u+jG9xH8BH45MbNLGzwQrUUpgKs87GfBLup0+ZfuXcpunw6AsgL7xtdl5vtUd2w==

wink-helpers@^2.0.0:
  version "2.0.0"
  resolved "https://registry.yarnpkg.com/wink-helpers/-/wink-helpers-2.0.0.tgz#0aec1a2bddd0adcf9e6deb3bf7fa70c7e92dbe5c"
  integrity sha512-I/ZzXrHcNRXuoeFJmp2vMVqDI6UCK02Tds1WP4kSGAmx520gjL1BObVzF7d2ps24tyHIly9ngdB2jwhlFUjPvg==

wink-naive-bayes-text-classifier@^2.2.1:
  version "2.2.1"
  resolved "https://registry.yarnpkg.com/wink-naive-bayes-text-classifier/-/wink-naive-bayes-text-classifier-2.2.1.tgz#633ee06f73066f8794c22f3ce56fed74ea9fe09c"
  integrity sha512-HaysOmwofNyE40RjAG7UiURKQ0r4cPKyywlMiI4H3i/R2aL4tzGQAY5UzLxp9gy/+Doy+064uCkEGrbkK17g4g==
  dependencies:
    wink-eng-lite-web-model "^1.4.3"
    wink-helpers "^2.0.0"
    wink-nlp "^1.12.2"

wink-nlp@^1.12.2:
  version "1.14.3"
  resolved "https://registry.yarnpkg.com/wink-nlp/-/wink-nlp-1.14.3.tgz#dd00604899796e4eb49b3314acfa19b9cd88b22f"
  integrity sha512-lvY5iCs3T8I34F8WKS70+2P0U9dWLn3vdPf/Z+m2VK14N7OmqnPzmHfh3moHdusajoQ37Em39z0IZB9K4x/96A==
